
Microsoft Visual Studio Solution File, Format Version 12.00
# Visual Studio Version 16
VisualStudioVersion = 16.0.29728.190
MinimumVisualStudioVersion = 10.0.40219.1
Project("{9A19103F-16F7-4668-BE54-9A1E7A4F7556}") = "UnitTests", "UnitTests\UnitTests.csproj", "{61B1C321-30F9-45BE-9856-1D1DFFBBFB69}"
EndProject
Project("{9A19103F-16F7-4668-BE54-9A1E7A4F7556}") = "Solutions", "Solutions\Solutions.csproj", "{9E9D5882-4DD2-4EA1-9B72-2EB603E13340}"
EndProject
Project("{FAE04EC0-301F-11D3-BF4B-00C04F79EFBC}") = "Library", "Library\Library.csproj", "{F771813F-B01F-4192-9629-62A2C982AAD1}"
EndProject
Global
	GlobalSection(SolutionConfigurationPlatforms) = preSolution
		Debug|Any CPU = Debug|Any CPU
		Release|Any CPU = Release|Any CPU
	EndGlobalSection
	GlobalSection(ProjectConfigurationPlatforms) = postSolution
		{61B1C321-30F9-45BE-9856-1D1DFFBBFB69}.Debug|Any CPU.ActiveCfg = Debug|Any CPU
		{61B1C321-30F9-45BE-9856-1D1DFFBBFB69}.Debug|Any CPU.Build.0 = Debug|Any CPU
		{61B1C321-30F9-45BE-9856-1D1DFFBBFB69}.Release|Any CPU.ActiveCfg = Release|Any CPU
		{61B1C321-30F9-45BE-9856-1D1DFFBBFB69}.Release|Any CPU.Build.0 = Release|Any CPU
		{9E9D5882-4DD2-4EA1-9B72-2EB603E13340}.Debug|Any CPU.ActiveCfg = Debug|Any CPU
		{9E9D5882-4DD2-4EA1-9B72-2EB603E13340}.Debug|Any CPU.Build.0 = Debug|Any CPU
		{9E9D5882-4DD2-4EA1-9B72-2EB603E13340}.Release|Any CPU.ActiveCfg = Release|Any CPU
		{9E9D5882-4DD2-4EA1-9B72-2EB603E13340}.Release|Any CPU.Build.0 = Release|Any CPU
		{F771813F-B01F-4192-9629-62A2C982AAD1}.Debug|Any CPU.ActiveCfg = Debug|Any CPU
		{F771813F-B01F-4192-9629-62A2C982AAD1}.Debug|Any CPU.Build.0 = Debug|Any CPU
		{F771813F-B01F-4192-9629-62A2C982AAD1}.Release|Any CPU.ActiveCfg = Release|Any CPU
		{F771813F-B01F-4192-9629-62A2C982AAD1}.Release|Any CPU.Build.0 = Release|Any CPU
	EndGlobalSection
	GlobalSection(SolutionProperties) = preSolution
		HideSolutionNode = FALSE
	EndGlobalSection
	GlobalSection(ExtensibilityGlobals) = postSolution
		SolutionGuid = {7216D9B8-F60A-4E6B-9381-6B0273B249A5}
	EndGlobalSection
EndGlobal
